Microsoft Visual Studio Solution File, Format Version 12.00
# Visual Studio Version 17
VisualStudioVersion = 17.5.2.0
MinimumVisualStudioVersion = 10.0.40219.1
Project("{FAE04EC0-301F-11D3-BF4B-00C04F79EFBC}") = "Student-Internship-Tracker", "Student-Internship-Tracker.csproj", "{A9A52AC4-6B47-35E4-92D5-6C830638EBF6}"
EndProject
Global
	GlobalSection(SolutionConfigurationPlatforms) = preSolution
		Debug|Any CPU = Debug|Any CPU
		Release|Any CPU = Release|Any CPU
	EndGlobalSection
	GlobalSection(ProjectConfigurationPlatforms) = postSolution
		{A9A52AC4-6B47-35E4-92D5-6C830638EBF6}.Debug|Any CPU.ActiveCfg = Debug|Any CPU
		{A9A52AC4-6B47-35E4-92D5-6C830638EBF6}.Debug|Any CPU.Build.0 = Debug|Any CPU
		{A9A52AC4-6B47-35E4-92D5-6C830638EBF6}.Release|Any CPU.ActiveCfg = Release|Any CPU
		{A9A52AC4-6B47-35E4-92D5-6C830638EBF6}.Release|Any CPU.Build.0 = Release|Any CPU
	EndGlobalSection
	GlobalSection(SolutionProperties) = preSolution
		HideSolutionNode = FALSE
	EndGlobalSection
	GlobalSection(ExtensibilityGlobals) = postSolution
		SolutionGuid = {6470AEE9-C6D0-4D9E-A020-C0EA259E108B}
	EndGlobalSection
EndGlobal
